
Microsoft Visual Studio Solution File, Format Version 12.00
# Visual Studio 14
VisualStudioVersion = 14.0.25420.1
MinimumVisualStudioVersion = 10.0.40219.1
Project("{FAE04EC0-301F-11D3-BF4B-00C04F79EFBC}") = "CS499.TCMS.View", "CS499.TCMS.VIEW\CS499.TCMS.View.csproj", "{5475C943-B198-418B-A966-DC896002028F}"
EndProject
Project("{FAE04EC0-301F-11D3-BF4B-00C04F79EFBC}") = "CS499.TCMS.Model", "CS499.TCMS.Model\CS499.TCMS.Model.csproj", "{AD3F15B6-221F-4ABA-87B8-E56DFDFCA540}"
EndProject
Project("{FAE04EC0-301F-11D3-BF4B-00C04F79EFBC}") = "CS499.TCMS.DataAccess", "CS499.TCMS.DataAccess\CS499.TCMS.DataAccess.csproj", "{B72DD45C-376D-46DC-84F8-61D5AF59818A}"
EndProject
Project("{FAE04EC0-301F-11D3-BF4B-00C04F79EFBC}") = "CS499.TCMS.ModelUnitTest", "CS499.TCMS.ModelUnitTest\CS499.TCMS.ModelUnitTest.csproj", "{8C643701-644C-4E61-826A-FCF106776A1B}"
EndProject
Project("{FAE04EC0-301F-11D3-BF4B-00C04F79EFBC}") = "ToolKit.Data", "ToolKit.Data\ToolKit.Data.csproj", "{8DCF6F85-9567-4A67-B3B9-3B8CFE189C7D}"
EndProject
Global
	GlobalSection(SolutionConfigurationPlatforms) = preSolution
		Debug|Any CPU = Debug|Any CPU
		Debug|x86 = Debug|x86
		Release|Any CPU = Release|Any CPU
		Release|x86 = Release|x86
	EndGlobalSection
	GlobalSection(ProjectConfigurationPlatforms) = postSolution
		{5475C943-B198-418B-A966-DC896002028F}.Debug|Any CPU.ActiveCfg = Debug|Any CPU
		{5475C943-B198-418B-A966-DC896002028F}.Debug|Any CPU.Build.0 = Debug|Any CPU
		{5475C943-B198-418B-A966-DC896002028F}.Debug|x86.ActiveCfg = Debug|Any CPU
		{5475C943-B198-418B-A966-DC896002028F}.Debug|x86.Build.0 = Debug|Any CPU
		{5475C943-B198-418B-A966-DC896002028F}.Release|Any CPU.ActiveCfg = Release|Any CPU
		{5475C943-B198-418B-A966-DC896002028F}.Release|Any CPU.Build.0 = Release|Any CPU
		{5475C943-B198-418B-A966-DC896002028F}.Release|x86.ActiveCfg = Release|Any CPU
		{5475C943-B198-418B-A966-DC896002028F}.Release|x86.Build.0 = Release|Any CPU
		{AD3F15B6-221F-4ABA-87B8-E56DFDFCA540}.Debug|Any CPU.ActiveCfg = Debug|Any CPU
		{AD3F15B6-221F-4ABA-87B8-E56DFDFCA540}.Debug|Any CPU.Build.0 = Debug|Any CPU
		{AD3F15B6-221F-4ABA-87B8-E56DFDFCA540}.Debug|x86.ActiveCfg = Debug|Any CPU
		{AD3F15B6-221F-4ABA-87B8-E56DFDFCA540}.Debug|x86.Build.0 = Debug|Any CPU
		{AD3F15B6-221F-4ABA-87B8-E56DFDFCA540}.Release|Any CPU.ActiveCfg = Release|Any CPU
		{AD3F15B6-221F-4ABA-87B8-E56DFDFCA540}.Release|Any CPU.Build.0 = Release|Any CPU
		{AD3F15B6-221F-4ABA-87B8-E56DFDFCA540}.Release|x86.ActiveCfg = Release|Any CPU
		{AD3F15B6-221F-4ABA-87B8-E56DFDFCA540}.Release|x86.Build.0 = Release|Any CPU
		{B72DD45C-376D-46DC-84F8-61D5AF59818A}.Debug|Any CPU.ActiveCfg = Debug|Any CPU
		{B72DD45C-376D-46DC-84F8-61D5AF59818A}.Debug|Any CPU.Build.0 = Debug|Any CPU
		{B72DD45C-376D-46DC-84F8-61D5AF59818A}.Debug|x86.ActiveCfg = Debug|Any CPU
		{B72DD45C-376D-46DC-84F8-61D5AF59818A}.Debug|x86.Build.0 = Debug|Any CPU
		{B72DD45C-376D-46DC-84F8-61D5AF59818A}.Release|Any CPU.ActiveCfg = Release|Any CPU
		{B72DD45C-376D-46DC-84F8-61D5AF59818A}.Release|Any CPU.Build.0 = Release|Any CPU
		{B72DD45C-376D-46DC-84F8-61D5AF59818A}.Release|x86.ActiveCfg = Release|Any CPU
		{B72DD45C-376D-46DC-84F8-61D5AF59818A}.Release|x86.Build.0 = Release|Any CPU
		{8C643701-644C-4E61-826A-FCF106776A1B}.Debug|Any CPU.ActiveCfg = Debug|Any CPU
		{8C643701-644C-4E61-826A-FCF106776A1B}.Debug|Any CPU.Build.0 = Debug|Any CPU
		{8C643701-644C-4E61-826A-FCF106776A1B}.Debug|x86.ActiveCfg = Debug|Any CPU
		{8C643701-644C-4E61-826A-FCF106776A1B}.Debug|x86.Build.0 = Debug|Any CPU
		{8C643701-644C-4E61-826A-FCF106776A1B}.Release|Any CPU.ActiveCfg = Release|Any CPU
		{8C643701-644C-4E61-826A-FCF106776A1B}.Release|Any CPU.Build.0 = Release|Any CPU
		{8C643701-644C-4E61-826A-FCF106776A1B}.Release|x86.ActiveCfg = Release|Any CPU
		{8C643701-644C-4E61-826A-FCF106776A1B}.Release|x86.Build.0 = Release|Any CPU
		{8DCF6F85-9567-4A67-B3B9-3B8CFE189C7D}.Debug|Any CPU.ActiveCfg = Debug|Any CPU
		{8DCF6F85-9567-4A67-B3B9-3B8CFE189C7D}.Debug|Any CPU.Build.0 = Debug|Any CPU
		{8DCF6F85-9567-4A67-B3B9-3B8CFE189C7D}.Debug|x86.ActiveCfg = Debug|x86
		{8DCF6F85-9567-4A67-B3B9-3B8CFE189C7D}.Debug|x86.Build.0 = Debug|x86
		{8DCF6F85-9567-4A67-B3B9-3B8CFE189C7D}.Release|Any CPU.ActiveCfg = Release|Any CPU
		{8DCF6F85-9567-4A67-B3B9-3B8CFE189C7D}.Release|Any CPU.Build.0 = Release|Any CPU
		{8DCF6F85-9567-4A67-B3B9-3B8CFE189C7D}.Release|x86.ActiveCfg = Release|x86
		{8DCF6F85-9567-4A67-B3B9-3B8CFE189C7D}.Release|x86.Build.0 = Release|x86
	EndGlobalSection
	GlobalSection(SolutionProperties) = preSolution
		HideSolutionNode = FALSE
	EndGlobalSection
EndGlobal
